# This file is autogenerated, do not edit; changes may be undone by the next 'dep ensure'.


[[projects]]
  name = "github.com/sajari/fuzzy"
  packages = ["."]
  revision = "243c923763cac789d1196949a834ca698dbd7a28"
  version = "v1.0.0"

[solve-meta]
  analyzer-name = "dep"
  analyzer-version = 1
  inputs-digest = "40f085adba7757e57e6d6e17d2974750b841fed4fc71de5e8b0e7009ea5bf1e9"
  solver-name = "gps-cdcl"
  solver-version = 1
